
Microsoft Visual Studio Solution File, Format Version 12.00
# Visual Studio Version 16
VisualStudioVersion = 16.0.31105.61
MinimumVisualStudioVersion = 10.0.40219.1
Project("{FAE04EC0-301F-11D3-BF4B-00C04F79EFBC}") = "Prb.ElectricalAppliances.Wpf", "Prb.ElectricalAppliances.Wpf\Prb.ElectricalAppliances.Wpf.csproj", "{1E37A0FA-24CC-4781-A373-667E982E4961}"
EndProject
Project("{FAE04EC0-301F-11D3-BF4B-00C04F79EFBC}") = "Prb.ElectricalAppliances.Core", "Prb.ElectricalAppliances.Core\Prb.ElectricalAppliances.Core.csproj", "{B17EB706-2D5B-4C95-93CE-15B5539DC2A9}"
EndProject
Global
	GlobalSection(SolutionConfigurationPlatforms) = preSolution
		Debug|Any CPU = Debug|Any CPU
		Release|Any CPU = Release|Any CPU
	EndGlobalSection
	GlobalSection(ProjectConfigurationPlatforms) = postSolution
		{1E37A0FA-24CC-4781-A373-667E982E4961}.Debug|Any CPU.ActiveCfg = Debug|Any CPU
		{1E37A0FA-24CC-4781-A373-667E982E4961}.Debug|Any CPU.Build.0 = Debug|Any CPU
		{1E37A0FA-24CC-4781-A373-667E982E4961}.Release|Any CPU.ActiveCfg = Release|Any CPU
		{1E37A0FA-24CC-4781-A373-667E982E4961}.Release|Any CPU.Build.0 = Release|Any CPU
		{B17EB706-2D5B-4C95-93CE-15B5539DC2A9}.Debug|Any CPU.ActiveCfg = Debug|Any CPU
		{B17EB706-2D5B-4C95-93CE-15B5539DC2A9}.Debug|Any CPU.Build.0 = Debug|Any CPU
		{B17EB706-2D5B-4C95-93CE-15B5539DC2A9}.Release|Any CPU.ActiveCfg = Release|Any CPU
		{B17EB706-2D5B-4C95-93CE-15B5539DC2A9}.Release|Any CPU.Build.0 = Release|Any CPU
	EndGlobalSection
	GlobalSection(SolutionProperties) = preSolution
		HideSolutionNode = FALSE
	EndGlobalSection
	GlobalSection(ExtensibilityGlobals) = postSolution
		SolutionGuid = {82493DF7-3EA6-413E-8A22-A70BABFAE9E2}
	EndGlobalSection
EndGlobal
